{
  "name": "account-search",
  "version": "1.0.0",
  "lockfileVersion": 3,
  "requires": true,
  "packages": {
    "": {
      "name": "account-search",
      "version": "1.0.0",
      "license": "ISC",
      "dependencies": {
        "dotenv": "^16.4.1",
        "json-2-csv": "^5.0.1",
        "method-node": "^0.3.28"
      }
    },
    "node_modules/@babel/runtime": {
      "version": "7.23.9",
      "resolved": "https://registry.npmjs.org/@babel/runtime/-/runtime-7.23.9.tgz",
      "integrity": "sha512-0CX6F+BI2s9dkUqr08KFrAIZgNFj75rdBU/DjCyYLIaV/quFjkk6T+EJ2LkZHyZTbEV4L5p97mNkUsHl2wLFAw==",
      "dependencies": {
        "regenerator-runtime": "^0.14.0"
      },
      "engines": {
        "node": ">=6.9.0"
      }
    },
    "node_modules/axios": {
      "version": "0.26.1",
      "resolved": "https://registry.npmjs.org/axios/-/axios-0.26.1.tgz",
      "integrity": "sha512-fPwcX4EvnSHuInCMItEhAGnaSEXRBjtzh9fOtsE6E1G6p7vl7edEeZe11QHf18+6+9gR5PbKV/sGKNaD8YaMeA==",
      "dependencies": {
        "follow-redirects": "^1.14.8"
      }
    },
    "node_modules/axios-retry": {
      "version": "3.9.1",
      "resolved": "https://registry.npmjs.org/axios-retry/-/axios-retry-3.9.1.tgz",
      "integrity": "sha512-8PJDLJv7qTTMMwdnbMvrLYuvB47M81wRtxQmEdV5w4rgbTXTt+vtPkXwajOfOdSyv/wZICJOC+/UhXH4aQ/R+w==",
      "dependencies": {
        "@babel/runtime": "^7.15.4",
        "is-retry-allowed": "^2.2.0"
      }
    },
    "node_modules/deeks": {
      "version": "3.0.2",
      "resolved": "https://registry.npmjs.org/deeks/-/deeks-3.0.2.tgz",
      "integrity": "sha512-c6OmjIygIB/avwXwEQOiODS+nw6fEX4cvOdDMqdL7dt3dicV/xykAJ9AeVc/8/JTVQDuacjRc9KCMmXafL1Y4A==",
      "engines": {
        "node": ">= 16"
      }
    },
    "node_modules/doc-path": {
      "version": "4.0.2",
      "resolved": "https://registry.npmjs.org/doc-path/-/doc-path-4.0.2.tgz",
      "integrity": "sha512-OqZEk7EM1aP3JpO+mq0pv1msEJWrzZVXu4q3YjEYJKc+Wt3/chac4KJdaGueK5IGemOwfptrLctG9I8xkb59qQ==",
      "engines": {
        "node": ">=16"
      }
    },
    "node_modules/dotenv": {
      "version": "16.4.1",
      "resolved": "https://registry.npmjs.org/dotenv/-/dotenv-16.4.1.tgz",
      "integrity": "sha512-CjA3y+Dr3FyFDOAMnxZEGtnW9KBR2M0JvvUtXNW+dYJL5ROWxP9DUHCwgFqpMk0OXCc0ljhaNTr2w/kutYIcHQ==",
      "engines": {
        "node": ">=12"
      },
      "funding": {
        "url": "https://github.com/motdotla/dotenv?sponsor=1"
      }
    },
    "node_modules/follow-redirects": {
      "version": "1.15.5",
      "resolved": "https://registry.npmjs.org/follow-redirects/-/follow-redirects-1.15.5.tgz",
      "integrity": "sha512-vSFWUON1B+yAw1VN4xMfxgn5fTUiaOzAJCKBwIIgT/+7CuGy9+r+5gITvP62j3RmaD5Ph65UaERdOSRGUzZtgw==",
      "funding": [
        {
          "type": "individual",
          "url": "https://github.com/sponsors/RubenVerborgh"
        }
      ],
      "engines": {
        "node": ">=4.0"
      },
      "peerDependenciesMeta": {
        "debug": {
          "optional": true
        }
      }
    },
    "node_modules/is-retry-allowed": {
      "version": "2.2.0",
      "resolved": "https://registry.npmjs.org/is-retry-allowed/-/is-retry-allowed-2.2.0.tgz",
      "integrity": "sha512-XVm7LOeLpTW4jV19QSH38vkswxoLud8sQ57YwJVTPWdiaI9I8keEhGFpBlslyVsgdQy4Opg8QOLb8YRgsyZiQg==",
      "engines": {
        "node": ">=10"
      },
      "funding": {
        "url": "https://github.com/sponsors/sindresorhus"
      }
    },
    "node_modules/json-2-csv": {
      "version": "5.0.1",
      "resolved": "https://registry.npmjs.org/json-2-csv/-/json-2-csv-5.0.1.tgz",
      "integrity": "sha512-rP9ChyMskS0angbvFdQ43SwEe72mEvqcY1/V2OeukQWxtlreUuZWhMlTdWjtd4L6kJxq+HPFTI06yqLvZiEVIA==",
      "dependencies": {
        "deeks": "3.0.2",
        "doc-path": "4.0.2"
      },
      "engines": {
        "node": ">= 16"
      }
    },
    "node_modules/method-node": {
      "version": "0.3.28",
      "resolved": "https://registry.npmjs.org/method-node/-/method-node-0.3.28.tgz",
      "integrity": "sha512-CX3+d7cBMO0NmSAJ5KmCPD/BUxLuS+cemXQvwh6kCEBeU5Vu9ayQdw4zIdEP/NjeC0OyA7JqB6u38q1eDrtAgw==",
      "dependencies": {
        "axios": "^0.26.1",
        "axios-retry": "^3.8.1"
      }
    },
    "node_modules/regenerator-runtime": {
      "version": "0.14.1",
      "resolved": "https://registry.npmjs.org/regenerator-runtime/-/regenerator-runtime-0.14.1.tgz",
      "integrity": "sha512-dYnhHh0nJoMfnkZs6GmmhFknAGRrLznOu5nc9ML+EJxGvrx6H7teuevqVqCuPcPK//3eDrrjQhehXVx9cnkGdw=="
    }
  }
}
